// !$*UTF8*$!
{
	archiveVersion = 1;
	classes = {
	};
	objectVersion = 55;
	objects = {

/* Begin PBXBuildFile section */
		B540F77B28A3AC4900D4FCEE /* AppDelegate.swift in Sources */ = {isa = PBXBuildFile; fileRef = B540F77A28A3AC4900D4FCEE /* AppDelegate.swift */; };
		B540F77D28A3AC4900D4FCEE /* SceneDelegate.swift in Sources */ = {isa = PBXBuildFile; fileRef = B540F77C28A3AC4900D4FCEE /* SceneDelegate.swift */; };
		B540F77F28A3AC4900D4FCEE /* ViewController.swift in Sources */ = {isa = PBXBuildFile; fileRef = B540F77E28A3AC4900D4FCEE /* ViewController.swift */; };
		B540F78228A3AC4900D4FCEE /* Main.storyboard in Resources */ = {isa = PBXBuildFile; fileRef = B540F78028A3AC4900D4FCEE /* Main.storyboard */; };
		B540F78428A3AC4A00D4FCEE /* Assets.xcassets in Resources */ = {isa = PBXBuildFile; fileRef = B540F78328A3AC4A00D4FCEE /* Assets.xcassets */; };
		B540F78728A3AC4A00D4FCEE /* LaunchScreen.storyboard in Resources */ = {isa = PBXBuildFile; fileRef = B540F78528A3AC4A00D4FCEE /* LaunchScreen.storyboard */; };
		B5FC046028A6540F00D9517F /* PersonCellCollectionViewCell.swift in Sources */ = {isa = PBXBuildFile; fileRef = B5FC045F28A6540F00D9517F /* PersonCellCollectionViewCell.swift */; };
		B5FC046228A65A2300D9517F /* Person.swift in Sources */ = {isa = PBXBuildFile; fileRef = B5FC046128A65A2300D9517F /* Person.swift */; };
/* End PBXBuildFile section */

/* Begin PBXFileReference section */
		B540F77728A3AC4900D4FCEE /* NamesToFaces.app */ = {isa = PBXFileReference; explicitFileType = wrapper.application; includeInIndex = 0; path = NamesToFaces.app; sourceTree = BUILT_PRODUCTS_DIR; };
		B540F77A28A3AC4900D4FCEE /* AppDelegate.swift */ = {isa = PBXFileReference; lastKnownFileType = sourcecode.swift; path = AppDelegate.swift; sourceTree = "<group>"; };
		B540F77C28A3AC4900D4FCEE /* SceneDelegate.swift */ = {isa = PBXFileReference; lastKnownFileType = sourcecode.swift; path = SceneDelegate.swift; sourceTree = "<group>"; };
		B540F77E28A3AC4900D4FCEE /* ViewController.swift */ = {isa = PBXFileReference; lastKnownFileType = sourcecode.swift; path = ViewController.swift; sourceTree = "<group>"; };
		B540F78128A3AC4900D4FCEE /* Base */ = {isa = PBXFileReference; lastKnownFileType = file.storyboard; name = Base; path = Base.lproj/Main.storyboard; sourceTree = "<group>"; };
		B540F78328A3AC4A00D4FCEE /* Assets.xcassets */ = {isa = PBXFileReference; lastKnownFileType = folder.assetcatalog; path = Assets.xcassets; sourceTree = "<group>"; };
		B540F78628A3AC4A00D4FCEE /* Base */ = {isa = PBXFileReference; lastKnownFileType = file.storyboard; name = Base; path = Base.lproj/LaunchScreen.storyboard; sourceTree = "<group>"; };
		B540F78828A3AC4A00D4FCEE /* Info.plist */ = {isa = PBXFileReference; lastKnownFileType = text.plist.xml; path = Info.plist; sourceTree = "<group>"; };
		B5FC045F28A6540F00D9517F /* PersonCellCollectionViewCell.swift */ = {isa = PBXFileReference; lastKnownFileType = sourcecode.swift; path = PersonCellCollectionViewCell.swift; sourceTree = "<group>"; };
		B5FC046128A65A2300D9517F /* Person.swift */ = {isa = PBXFileReference; lastKnownFileType = sourcecode.swift; path = Person.swift; sourceTree = "<group>"; };
/* End PBXFileReference section */

/* Begin PBXFrameworksBuildPhase section */
		B540F77428A3AC4900D4FCEE /* Frameworks */ = {
			isa = PBXFrameworksBuildPhase;
			buildActionMask = 2147483647;
			files = (
			);
			runOnlyForDeploymentPostprocessing = 0;
		};
/* End PBXFrameworksBuildPhase section */

/* Begin PBXGroup section */
		B540F76E28A3AC4900D4FCEE = {
			isa = PBXGroup;
			children = (
				B540F77928A3AC4900D4FCEE /* NamesToFaces */,
				B540F77828A3AC4900D4FCEE /* Products */,
			);
			sourceTree = "<group>";
		};
		B540F77828A3AC4900D4FCEE /* Products */ = {
			isa = PBXGroup;
			children = (
				B540F77728A3AC4900D4FCEE /* NamesToFaces.app */,
			);
			name = Products;
			sourceTree = "<group>";
		};
		B540F77928A3AC4900D4FCEE /* NamesToFaces */ = {
			isa = PBXGroup;
			children = (
				B540F77A28A3AC4900D4FCEE /* AppDelegate.swift */,
				B540F77C28A3AC4900D4FCEE /* SceneDelegate.swift */,
				B540F77E28A3AC4900D4FCEE /* ViewController.swift */,
				B5FC046128A65A2300D9517F /* Person.swift */,
				B540F78028A3AC4900D4FCEE /* Main.storyboard */,
				B5FC045F28A6540F00D9517F /* PersonCellCollectionViewCell.swift */,
				B540F78328A3AC4A00D4FCEE /* Assets.xcassets */,
				B540F78528A3AC4A00D4FCEE /* LaunchScreen.storyboard */,
				B540F78828A3AC4A00D4FCEE /* Info.plist */,
			);
			path = NamesToFaces;
			sourceTree = "<group>";
		};
/* End PBXGroup section */

/* Begin PBXNativeTarget section */
		B540F77628A3AC4900D4FCEE /* NamesToFaces */ = {
			isa = PBXNativeTarget;
			buildConfigurationList = B540F78B28A3AC4A00D4FCEE /* Build configuration list for PBXNativeTarget "NamesToFaces" */;
			buildPhases = (
				B540F77328A3AC4900D4FCEE /* Sources */,
				B540F77428A3AC4900D4FCEE /* Frameworks */,
				B540F77528A3AC4900D4FCEE /* Resources */,
			);
			buildRules = (
			);
			dependencies = (
			);
			name = NamesToFaces;
			productName = NamesToFaces;
			productReference = B540F77728A3AC4900D4FCEE /* NamesToFaces.app */;
			productType = "com.apple.product-type.application";
		};
/* End PBXNativeTarget section */

/* Begin PBXProject section */
		B540F76F28A3AC4900D4FCEE /* Project object */ = {
			isa = PBXProject;
			attributes = {
				BuildIndependentTargetsInParallel = 1;
				LastSwiftUpdateCheck = 1330;
				LastUpgradeCheck = 1330;
				TargetAttributes = {
					B540F77628A3AC4900D4FCEE = {
						CreatedOnToolsVersion = 13.3;
					};
				};
			};
			buildConfigurationList = B540F77228A3AC4900D4FCEE /* Build configuration list for PBXProject "NamesToFaces" */;
			compatibilityVersion = "Xcode 13.0";
			developmentRegion = en;
			hasScannedForEncodings = 0;
			knownRegions = (
				en,
				Base,
			);
			mainGroup = B540F76E28A3AC4900D4FCEE;
			productRefGroup = B540F77828A3AC4900D4FCEE /* Products */;
			projectDirPath = "";
			projectRoot = "";
			targets = (
				B540F77628A3AC4900D4FCEE /* NamesToFaces */,
			);
		};
/* End PBXProject section */

/* Begin PBXResourcesBuildPhase section */
		B540F77528A3AC4900D4FCEE /* Resources */ = {
			isa = PBXResourcesBuildPhase;
			buildActionMask = 2147483647;
			files = (
				B540F78728A3AC4A00D4FCEE /* LaunchScreen.storyboard in Resources */,
				B540F78428A3AC4A00D4FCEE /* Assets.xcassets in Resources */,
				B540F78228A3AC4900D4FCEE /* Main.storyboard in Resources */,
			);
			runOnlyForDeploymentPostprocessing = 0;
		};
/* End PBXResourcesBuildPhase section */

/* Begin PBXSourcesBuildPhase section */
		B540F77328A3AC4900D4FCEE /* Sources */ = {
			isa = PBXSourcesBuildPhase;
			buildActionMask = 2147483647;
			files = (
				B5FC046228A65A2300D9517F /* Person.swift in Sources */,
				B540F77F28A3AC4900D4FCEE /* ViewController.swift in Sources */,
				B540F77B28A3AC4900D4FCEE /* AppDelegate.swift in Sources */,
				B540F77D28A3AC4900D4FCEE /* SceneDelegate.swift in Sources */,
				B5FC046028A6540F00D9517F /* PersonCellCollectionViewCell.swift in Sources */,
			);
			runOnlyForDeploymentPostprocessing = 0;
		};
/* End PBXSourcesBuildPhase section */

/* Begin PBXVariantGroup section */
		B540F78028A3AC4900D4FCEE /* Main.storyboard */ = {
			isa = PBXVariantGroup;
			children = (
				B540F78128A3AC4900D4FCEE /* Base */,
			);
			name = Main.storyboard;
			sourceTree = "<group>";
		};
		B540F78528A3AC4A00D4FCEE /* LaunchScreen.storyboard */ = {
			isa = PBXVariantGroup;
			children = (
				B540F78628A3AC4A00D4FCEE /* Base */,
			);
			name = LaunchScreen.storyboard;
			sourceTree = "<group>";
		};
/* End PBXVariantGroup section */

/* Begin XCBuildConfiguration section */
		B540F78928A3AC4A00D4FCEE /* Debug */ = {
			isa = XCBuildConfiguration;
			buildSettings = {
				ALWAYS_SEARCH_USER_PATHS = NO;
				CLANG_ANALYZER_NONNULL = YES;
				CLANG_ANALYZER_NUMBER_OBJECT_CONVERSION = YES_AGGRESSIVE;
				CLANG_CXX_LANGUAGE_STANDARD = "gnu++17";
				CLANG_ENABLE_MODULES = YES;
				CLANG_ENABLE_OBJC_ARC = YES;
				CLANG_ENABLE_OBJC_WEAK = YES;
				CLANG_WARN_BLOCK_CAPTURE_AUTORELEASING = YES;
				CLANG_WARN_BOOL_CONVERSION = YES;
				CLANG_WARN_COMMA = YES;
				CLANG_WARN_CONSTANT_CONVERSION = YES;
				CLANG_WARN_DEPRECATED_OBJC_IMPLEMENTATIONS = YES;
				CLANG_WARN_DIRECT_OBJC_ISA_USAGE = YES_ERROR;
				CLANG_WARN_DOCUMENTATION_COMMENTS = YES;
				CLANG_WARN_EMPTY_BODY = YES;
				CLANG_WARN_ENUM_CONVERSION = YES;
				CLANG_WARN_INFINITE_RECURSION = YES;
				CLANG_WARN_INT_CONVERSION = YES;
				CLANG_WARN_NON_LITERAL_NULL_CONVERSION = YES;
				CLANG_WARN_OBJC_IMPLICIT_RETAIN_SELF = YES;
				CLANG_WARN_OBJC_LITERAL_CONVERSION = YES;
				CLANG_WARN_OBJC_ROOT_CLASS = YES_ERROR;
				CLANG_WARN_QUOTED_INCLUDE_IN_FRAMEWORK_HEADER = YES;
				CLANG_WARN_RANGE_LOOP_ANALYSIS = YES;
				CLANG_WARN_STRICT_PROTOTYPES = YES;
				CLANG_WARN_SUSPICIOUS_MOVE = YES;
				CLANG_WARN_UNGUARDED_AVAILABILITY = YES_AGGRESSIVE;
				CLANG_WARN_UNREACHABLE_CODE = YES;
				CLANG_WARN__DUPLICATE_METHOD_MATCH = YES;
				COPY_PHASE_STRIP = NO;
				DEBUG_INFORMATION_FORMAT = dwarf;
				ENABLE_STRICT_OBJC_MSGSEND = YES;
				ENABLE_TESTABILITY = YES;
				GCC_C_LANGUAGE_STANDARD = gnu11;
				GCC_DYNAMIC_NO_PIC = NO;
				GCC_NO_COMMON_BLOCKS = YES;
				GCC_OPTIMIZATION_LEVEL = 0;
				GCC_PREPROCESSOR_DEFINITIONS = (
					"DEBUG=1",
					"$(inherited)",
				);
				GCC_WARN_64_TO_32_BIT_CONVERSION = YES;
				GCC_WARN_ABOUT_RETURN_TYPE = YES_ERROR;
				GCC_WARN_UNDECLARED_SELECTOR = YES;
				GCC_WARN_UNINITIALIZED_AUTOS = YES_AGGRESSIVE;
				GCC_WARN_UNUSED_FUNCTION = YES;
				GCC_WARN_UNUSED_VARIABLE = YES;
				IPHONEOS_DEPLOYMENT_TARGET = 15.4;
				MTL_ENABLE_DEBUG_INFO = INCLUDE_SOURCE;
				MTL_FAST_MATH = YES;
				ONLY_ACTIVE_ARCH = YES;
				SDKROOT = iphoneos;
				SWIFT_ACTIVE_COMPILATION_CONDITIONS = DEBUG;
				SWIFT_OPTIMIZATION_LEVEL = "-Onone";
			};
			name = Debug;
		};
		B540F78A28A3AC4A00D4FCEE /* Release */ = {
			isa = XCBuildConfiguration;
			buildSettings = {
				ALWAYS_SEARCH_USER_PATHS = NO;
				CLANG_ANALYZER_NONNULL = YES;
				CLANG_ANALYZER_NUMBER_OBJECT_CONVERSION = YES_AGGRESSIVE;
				CLANG_CXX_LANGUAGE_STANDARD = "gnu++17";
				CLANG_ENABLE_MODULES = YES;
				CLANG_ENABLE_OBJC_ARC = YES;
				CLANG_ENABLE_OBJC_WEAK = YES;
				CLANG_WARN_BLOCK_CAPTURE_AUTORELEASING = YES;
				CLANG_WARN_BOOL_CONVERSION = YES;
				CLANG_WARN_COMMA = YES;
				CLANG_WARN_CONSTANT_CONVERSION = YES;
				CLANG_WARN_DEPRECATED_OBJC_IMPLEMENTATIONS = YES;
				CLANG_WARN_DIRECT_OBJC_ISA_USAGE = YES_ERROR;
				CLANG_WARN_DOCUMENTATION_COMMENTS = YES;
				CLANG_WARN_EMPTY_BODY = YES;
				CLANG_WARN_ENUM_CONVERSION = YES;
				CLANG_WARN_INFINITE_RECURSION = YES;
				CLANG_WARN_INT_CONVERSION = YES;
				CLANG_WARN_NON_LITERAL_NULL_CONVERSION = YES;
				CLANG_WARN_OBJC_IMPLICIT_RETAIN_SELF = YES;
				CLANG_WARN_OBJC_LITERAL_CONVERSION = YES;
				CLANG_WARN_OBJC_ROOT_CLASS = YES_ERROR;
				CLANG_WARN_QUOTED_INCLUDE_IN_FRAMEWORK_HEADER = YES;
				CLANG_WARN_RANGE_LOOP_ANALYSIS = YES;
				CLANG_WARN_STRICT_PROTOTYPES = YES;
				CLANG_WARN_SUSPICIOUS_MOVE = YES;
				CLANG_WARN_UNGUARDED_AVAILABILITY = YES_AGGRESSIVE;
				CLANG_WARN_UNREACHABLE_CODE = YES;
				CLANG_WARN__DUPLICATE_METHOD_MATCH = YES;
				COPY_PHASE_STRIP = NO;
				DEBUG_INFORMATION_FORMAT = "dwarf-with-dsym";
				ENABLE_NS_ASSERTIONS = NO;
				ENABLE_STRICT_OBJC_MSGSEND = YES;
				GCC_C_LANGUAGE_STANDARD = gnu11;
				GCC_NO_COMMON_BLOCKS = YES;
				GCC_WARN_64_TO_32_BIT_CONVERSION = YES;
				GCC_WARN_ABOUT_RETURN_TYPE = YES_ERROR;
				GCC_WARN_UNDECLARED_SELECTOR = YES;
				GCC_WARN_UNINITIALIZED_AUTOS = YES_AGGRESSIVE;
				GCC_WARN_UNUSED_FUNCTION = YES;
				GCC_WARN_UNUSED_VARIABLE = YES;
				IPHONEOS_DEPLOYMENT_TARGET = 15.4;
				MTL_ENABLE_DEBUG_INFO = NO;
				MTL_FAST_MATH = YES;
				SDKROOT = iphoneos;
				SWIFT_COMPILATION_MODE = wholemodule;
				SWIFT_OPTIMIZATION_LEVEL = "-O";
				VALIDATE_PRODUCT = YES;
			};
			name = Release;
		};
		B540F78C28A3AC4A00D4FCEE /* Debug */ = {
			isa = XCBuildConfiguration;
			buildSettings = {
				ASSETCATALOG_COMPILER_APPICON_NAME = AppIcon;
				ASSETCATALOG_COMPILER_GLOBAL_ACCENT_COLOR_NAME = AccentColor;
				CODE_SIGN_STYLE = Automatic;
				CURRENT_PROJECT_VERSION = 1;
				DEVELOPMENT_TEAM = V352R4M2J4;
				GENERATE_INFOPLIST_FILE = YES;
				INFOPLIST_FILE = NamesToFaces/Info.plist;
				INFOPLIST_KEY_UIApplicationSupportsIndirectInputEvents = YES;
				INFOPLIST_KEY_UILaunchStoryboardName = LaunchScreen;
				INFOPLIST_KEY_UIMainStoryboardFile = Main;
				INFOPLIST_KEY_UISupportedInterfaceOrientations_iPad = "UIInterfaceOrientationPortrait UIInterfaceOrientationPortraitUpsideDown UIInterfaceOrientationLandscapeLeft UIInterfaceOrientationLandscapeRight";
				INFOPLIST_KEY_UISupportedInterfaceOrientations_iPhone = "UIInterfaceOrientationPortrait UIInterfaceOrientationLandscapeLeft UIInterfaceOrientationLandscapeRight";
				LD_RUNPATH_SEARCH_PATHS = (
					"$(inherited)",
					"@executable_path/Frameworks",
				);
				MARKETING_VERSION = 1.0;
				PRODUCT_BUNDLE_IDENTIFIER = pavel.NamesToFaces;
				PRODUCT_NAME = "$(TARGET_NAME)";
				SWIFT_EMIT_LOC_STRINGS = YES;
				SWIFT_VERSION = 5.0;
				TARGETED_DEVICE_FAMILY = "1,2";
			};
			name = Debug;
		};
		B540F78D28A3AC4A00D4FCEE /* Release */ = {
			isa = XCBuildConfiguration;
			buildSettings = {
				ASSETCATALOG_COMPILER_APPICON_NAME = AppIcon;
				ASSETCATALOG_COMPILER_GLOBAL_ACCENT_COLOR_NAME = AccentColor;
				CODE_SIGN_STYLE = Automatic;
				CURRENT_PROJECT_VERSION = 1;
				DEVELOPMENT_TEAM = V352R4M2J4;
				GENERATE_INFOPLIST_FILE = YES;
				INFOPLIST_FILE = NamesToFaces/Info.plist;
				INFOPLIST_KEY_UIApplicationSupportsIndirectInputEvents = YES;
				INFOPLIST_KEY_UILaunchStoryboardName = LaunchScreen;
				INFOPLIST_KEY_UIMainStoryboardFile = Main;
				INFOPLIST_KEY_UISupportedInterfaceOrientations_iPad = "UIInterfaceOrientationPortrait UIInterfaceOrientationPortraitUpsideDown UIInterfaceOrientationLandscapeLeft UIInterfaceOrientationLandscapeRight";
				INFOPLIST_KEY_UISupportedInterfaceOrientations_iPhone = "UIInterfaceOrientationPortrait UIInterfaceOrientationLandscapeLeft UIInterfaceOrientationLandscapeRight";
				LD_RUNPATH_SEARCH_PATHS = (
					"$(inherited)",
					"@executable_path/Frameworks",
				);
				MARKETING_VERSION = 1.0;
				PRODUCT_BUNDLE_IDENTIFIER = pavel.NamesToFaces;
				PRODUCT_NAME = "$(TARGET_NAME)";
				SWIFT_EMIT_LOC_STRINGS = YES;
				SWIFT_VERSION = 5.0;
				TARGETED_DEVICE_FAMILY = "1,2";
			};
			name = Release;
		};
/* End XCBuildConfiguration section */

/* Begin XCConfigurationList section */
		B540F77228A3AC4900D4FCEE /* Build configuration list for PBXProject "NamesToFaces" */ = {
			isa = XCConfigurationList;
			buildConfigurations = (
				B540F78928A3AC4A00D4FCEE /* Debug */,
				B540F78A28A3AC4A00D4FCEE /* Release */,
			);
			defaultConfigurationIsVisible = 0;
			defaultConfigurationName = Release;
		};
		B540F78B28A3AC4A00D4FCEE /* Build configuration list for PBXNativeTarget "NamesToFaces" */ = {
			isa = XCConfigurationList;
			buildConfigurations = (
				B540F78C28A3AC4A00D4FCEE /* Debug */,
				B540F78D28A3AC4A00D4FCEE /* Release */,
			);
			defaultConfigurationIsVisible = 0;
			defaultConfigurationName = Release;
		};
/* End XCConfigurationList section */
	};
	rootObject = B540F76F28A3AC4900D4FCEE /* Project object */;
}
