// !$*UTF8*$!
{
	archiveVersion = 1;
	classes = {
	};
	objectVersion = 55;
	objects = {

/* Begin PBXBuildFile section */
		B590501628A0F8F300F158AB /* AppDelegate.swift in Sources */ = {isa = PBXBuildFile; fileRef = B590501528A0F8F300F158AB /* AppDelegate.swift */; };
		B590501828A0F8F300F158AB /* SceneDelegate.swift in Sources */ = {isa = PBXBuildFile; fileRef = B590501728A0F8F300F158AB /* SceneDelegate.swift */; };
		B590501A28A0F8F300F158AB /* ViewController.swift in Sources */ = {isa = PBXBuildFile; fileRef = B590501928A0F8F300F158AB /* ViewController.swift */; };
		B590501D28A0F8F300F158AB /* Main.storyboard in Resources */ = {isa = PBXBuildFile; fileRef = B590501B28A0F8F300F158AB /* Main.storyboard */; };
		B590501F28A0F8F400F158AB /* Assets.xcassets in Resources */ = {isa = PBXBuildFile; fileRef = B590501E28A0F8F400F158AB /* Assets.xcassets */; };
		B590502228A0F8F400F158AB /* LaunchScreen.storyboard in Resources */ = {isa = PBXBuildFile; fileRef = B590502028A0F8F400F158AB /* LaunchScreen.storyboard */; };
		B590502A28A1087300F158AB /* level1.txt in Resources */ = {isa = PBXBuildFile; fileRef = B590502928A1087300F158AB /* level1.txt */; };
		B590502C28A111FE00F158AB /* level2.txt in Resources */ = {isa = PBXBuildFile; fileRef = B590502B28A111FE00F158AB /* level2.txt */; };
/* End PBXBuildFile section */

/* Begin PBXFileReference section */
		B590501228A0F8F300F158AB /* 7SwiftyWordsInCode.app */ = {isa = PBXFileReference; explicitFileType = wrapper.application; includeInIndex = 0; path = 7SwiftyWordsInCode.app; sourceTree = BUILT_PRODUCTS_DIR; };
		B590501528A0F8F300F158AB /* AppDelegate.swift */ = {isa = PBXFileReference; lastKnownFileType = sourcecode.swift; path = AppDelegate.swift; sourceTree = "<group>"; };
		B590501728A0F8F300F158AB /* SceneDelegate.swift */ = {isa = PBXFileReference; lastKnownFileType = sourcecode.swift; path = SceneDelegate.swift; sourceTree = "<group>"; };
		B590501928A0F8F300F158AB /* ViewController.swift */ = {isa = PBXFileReference; lastKnownFileType = sourcecode.swift; path = ViewController.swift; sourceTree = "<group>"; };
		B590501C28A0F8F300F158AB /* Base */ = {isa = PBXFileReference; lastKnownFileType = file.storyboard; name = Base; path = Base.lproj/Main.storyboard; sourceTree = "<group>"; };
		B590501E28A0F8F400F158AB /* Assets.xcassets */ = {isa = PBXFileReference; lastKnownFileType = folder.assetcatalog; path = Assets.xcassets; sourceTree = "<group>"; };
		B590502128A0F8F400F158AB /* Base */ = {isa = PBXFileReference; lastKnownFileType = file.storyboard; name = Base; path = Base.lproj/LaunchScreen.storyboard; sourceTree = "<group>"; };
		B590502328A0F8F400F158AB /* Info.plist */ = {isa = PBXFileReference; lastKnownFileType = text.plist.xml; path = Info.plist; sourceTree = "<group>"; };
		B590502928A1087300F158AB /* level1.txt */ = {isa = PBXFileReference; fileEncoding = 4; lastKnownFileType = text; path = level1.txt; sourceTree = "<group>"; };
		B590502B28A111FE00F158AB /* level2.txt */ = {isa = PBXFileReference; fileEncoding = 4; lastKnownFileType = text; path = level2.txt; sourceTree = "<group>"; };
/* End PBXFileReference section */

/* Begin PBXFrameworksBuildPhase section */
		B590500F28A0F8F300F158AB /* Frameworks */ = {
			isa = PBXFrameworksBuildPhase;
			buildActionMask = 2147483647;
			files = (
			);
			runOnlyForDeploymentPostprocessing = 0;
		};
/* End PBXFrameworksBuildPhase section */

/* Begin PBXGroup section */
		B590500928A0F8F300F158AB = {
			isa = PBXGroup;
			children = (
				B590501428A0F8F300F158AB /* 7SwiftyWordsInCode */,
				B590501328A0F8F300F158AB /* Products */,
			);
			sourceTree = "<group>";
		};
		B590501328A0F8F300F158AB /* Products */ = {
			isa = PBXGroup;
			children = (
				B590501228A0F8F300F158AB /* 7SwiftyWordsInCode.app */,
			);
			name = Products;
			sourceTree = "<group>";
		};
		B590501428A0F8F300F158AB /* 7SwiftyWordsInCode */ = {
			isa = PBXGroup;
			children = (
				B590501528A0F8F300F158AB /* AppDelegate.swift */,
				B590501728A0F8F300F158AB /* SceneDelegate.swift */,
				B590501928A0F8F300F158AB /* ViewController.swift */,
				B590501B28A0F8F300F158AB /* Main.storyboard */,
				B590501E28A0F8F400F158AB /* Assets.xcassets */,
				B590502028A0F8F400F158AB /* LaunchScreen.storyboard */,
				B590502328A0F8F400F158AB /* Info.plist */,
				B590502928A1087300F158AB /* level1.txt */,
				B590502B28A111FE00F158AB /* level2.txt */,
			);
			path = 7SwiftyWordsInCode;
			sourceTree = "<group>";
		};
/* End PBXGroup section */

/* Begin PBXNativeTarget section */
		B590501128A0F8F300F158AB /* 7SwiftyWordsInCode */ = {
			isa = PBXNativeTarget;
			buildConfigurationList = B590502628A0F8F400F158AB /* Build configuration list for PBXNativeTarget "7SwiftyWordsInCode" */;
			buildPhases = (
				B590500E28A0F8F300F158AB /* Sources */,
				B590500F28A0F8F300F158AB /* Frameworks */,
				B590501028A0F8F300F158AB /* Resources */,
			);
			buildRules = (
			);
			dependencies = (
			);
			name = 7SwiftyWordsInCode;
			productName = 7SwiftyWordsInCode;
			productReference = B590501228A0F8F300F158AB /* 7SwiftyWordsInCode.app */;
			productType = "com.apple.product-type.application";
		};
/* End PBXNativeTarget section */

/* Begin PBXProject section */
		B590500A28A0F8F300F158AB /* Project object */ = {
			isa = PBXProject;
			attributes = {
				BuildIndependentTargetsInParallel = 1;
				LastSwiftUpdateCheck = 1330;
				LastUpgradeCheck = 1330;
				TargetAttributes = {
					B590501128A0F8F300F158AB = {
						CreatedOnToolsVersion = 13.3;
					};
				};
			};
			buildConfigurationList = B590500D28A0F8F300F158AB /* Build configuration list for PBXProject "7SwiftyWordsInCode" */;
			compatibilityVersion = "Xcode 13.0";
			developmentRegion = en;
			hasScannedForEncodings = 0;
			knownRegions = (
				en,
				Base,
			);
			mainGroup = B590500928A0F8F300F158AB;
			productRefGroup = B590501328A0F8F300F158AB /* Products */;
			projectDirPath = "";
			projectRoot = "";
			targets = (
				B590501128A0F8F300F158AB /* 7SwiftyWordsInCode */,
			);
		};
/* End PBXProject section */

/* Begin PBXResourcesBuildPhase section */
		B590501028A0F8F300F158AB /* Resources */ = {
			isa = PBXResourcesBuildPhase;
			buildActionMask = 2147483647;
			files = (
				B590502C28A111FE00F158AB /* level2.txt in Resources */,
				B590502228A0F8F400F158AB /* LaunchScreen.storyboard in Resources */,
				B590502A28A1087300F158AB /* level1.txt in Resources */,
				B590501F28A0F8F400F158AB /* Assets.xcassets in Resources */,
				B590501D28A0F8F300F158AB /* Main.storyboard in Resources */,
			);
			runOnlyForDeploymentPostprocessing = 0;
		};
/* End PBXResourcesBuildPhase section */

/* Begin PBXSourcesBuildPhase section */
		B590500E28A0F8F300F158AB /* Sources */ = {
			isa = PBXSourcesBuildPhase;
			buildActionMask = 2147483647;
			files = (
				B590501A28A0F8F300F158AB /* ViewController.swift in Sources */,
				B590501628A0F8F300F158AB /* AppDelegate.swift in Sources */,
				B590501828A0F8F300F158AB /* SceneDelegate.swift in Sources */,
			);
			runOnlyForDeploymentPostprocessing = 0;
		};
/* End PBXSourcesBuildPhase section */

/* Begin PBXVariantGroup section */
		B590501B28A0F8F300F158AB /* Main.storyboard */ = {
			isa = PBXVariantGroup;
			children = (
				B590501C28A0F8F300F158AB /* Base */,
			);
			name = Main.storyboard;
			sourceTree = "<group>";
		};
		B590502028A0F8F400F158AB /* LaunchScreen.storyboard */ = {
			isa = PBXVariantGroup;
			children = (
				B590502128A0F8F400F158AB /* Base */,
			);
			name = LaunchScreen.storyboard;
			sourceTree = "<group>";
		};
/* End PBXVariantGroup section */

/* Begin XCBuildConfiguration section */
		B590502428A0F8F400F158AB /* Debug */ = {
			isa = XCBuildConfiguration;
			buildSettings = {
				ALWAYS_SEARCH_USER_PATHS = NO;
				CLANG_ANALYZER_NONNULL = YES;
				CLANG_ANALYZER_NUMBER_OBJECT_CONVERSION = YES_AGGRESSIVE;
				CLANG_CXX_LANGUAGE_STANDARD = "gnu++17";
				CLANG_ENABLE_MODULES = YES;
				CLANG_ENABLE_OBJC_ARC = YES;
				CLANG_ENABLE_OBJC_WEAK = YES;
				CLANG_WARN_BLOCK_CAPTURE_AUTORELEASING = YES;
				CLANG_WARN_BOOL_CONVERSION = YES;
				CLANG_WARN_COMMA = YES;
				CLANG_WARN_CONSTANT_CONVERSION = YES;
				CLANG_WARN_DEPRECATED_OBJC_IMPLEMENTATIONS = YES;
				CLANG_WARN_DIRECT_OBJC_ISA_USAGE = YES_ERROR;
				CLANG_WARN_DOCUMENTATION_COMMENTS = YES;
				CLANG_WARN_EMPTY_BODY = YES;
				CLANG_WARN_ENUM_CONVERSION = YES;
				CLANG_WARN_INFINITE_RECURSION = YES;
				CLANG_WARN_INT_CONVERSION = YES;
				CLANG_WARN_NON_LITERAL_NULL_CONVERSION = YES;
				CLANG_WARN_OBJC_IMPLICIT_RETAIN_SELF = YES;
				CLANG_WARN_OBJC_LITERAL_CONVERSION = YES;
				CLANG_WARN_OBJC_ROOT_CLASS = YES_ERROR;
				CLANG_WARN_QUOTED_INCLUDE_IN_FRAMEWORK_HEADER = YES;
				CLANG_WARN_RANGE_LOOP_ANALYSIS = YES;
				CLANG_WARN_STRICT_PROTOTYPES = YES;
				CLANG_WARN_SUSPICIOUS_MOVE = YES;
				CLANG_WARN_UNGUARDED_AVAILABILITY = YES_AGGRESSIVE;
				CLANG_WARN_UNREACHABLE_CODE = YES;
				CLANG_WARN__DUPLICATE_METHOD_MATCH = YES;
				COPY_PHASE_STRIP = NO;
				DEBUG_INFORMATION_FORMAT = dwarf;
				ENABLE_STRICT_OBJC_MSGSEND = YES;
				ENABLE_TESTABILITY = YES;
				GCC_C_LANGUAGE_STANDARD = gnu11;
				GCC_DYNAMIC_NO_PIC = NO;
				GCC_NO_COMMON_BLOCKS = YES;
				GCC_OPTIMIZATION_LEVEL = 0;
				GCC_PREPROCESSOR_DEFINITIONS = (
					"DEBUG=1",
					"$(inherited)",
				);
				GCC_WARN_64_TO_32_BIT_CONVERSION = YES;
				GCC_WARN_ABOUT_RETURN_TYPE = YES_ERROR;
				GCC_WARN_UNDECLARED_SELECTOR = YES;
				GCC_WARN_UNINITIALIZED_AUTOS = YES_AGGRESSIVE;
				GCC_WARN_UNUSED_FUNCTION = YES;
				GCC_WARN_UNUSED_VARIABLE = YES;
				IPHONEOS_DEPLOYMENT_TARGET = 15.4;
				MTL_ENABLE_DEBUG_INFO = INCLUDE_SOURCE;
				MTL_FAST_MATH = YES;
				ONLY_ACTIVE_ARCH = YES;
				SDKROOT = iphoneos;
				SWIFT_ACTIVE_COMPILATION_CONDITIONS = DEBUG;
				SWIFT_OPTIMIZATION_LEVEL = "-Onone";
			};
			name = Debug;
		};
		B590502528A0F8F400F158AB /* Release */ = {
			isa = XCBuildConfiguration;
			buildSettings = {
				ALWAYS_SEARCH_USER_PATHS = NO;
				CLANG_ANALYZER_NONNULL = YES;
				CLANG_ANALYZER_NUMBER_OBJECT_CONVERSION = YES_AGGRESSIVE;
				CLANG_CXX_LANGUAGE_STANDARD = "gnu++17";
				CLANG_ENABLE_MODULES = YES;
				CLANG_ENABLE_OBJC_ARC = YES;
				CLANG_ENABLE_OBJC_WEAK = YES;
				CLANG_WARN_BLOCK_CAPTURE_AUTORELEASING = YES;
				CLANG_WARN_BOOL_CONVERSION = YES;
				CLANG_WARN_COMMA = YES;
				CLANG_WARN_CONSTANT_CONVERSION = YES;
				CLANG_WARN_DEPRECATED_OBJC_IMPLEMENTATIONS = YES;
				CLANG_WARN_DIRECT_OBJC_ISA_USAGE = YES_ERROR;
				CLANG_WARN_DOCUMENTATION_COMMENTS = YES;
				CLANG_WARN_EMPTY_BODY = YES;
				CLANG_WARN_ENUM_CONVERSION = YES;
				CLANG_WARN_INFINITE_RECURSION = YES;
				CLANG_WARN_INT_CONVERSION = YES;
				CLANG_WARN_NON_LITERAL_NULL_CONVERSION = YES;
				CLANG_WARN_OBJC_IMPLICIT_RETAIN_SELF = YES;
				CLANG_WARN_OBJC_LITERAL_CONVERSION = YES;
				CLANG_WARN_OBJC_ROOT_CLASS = YES_ERROR;
				CLANG_WARN_QUOTED_INCLUDE_IN_FRAMEWORK_HEADER = YES;
				CLANG_WARN_RANGE_LOOP_ANALYSIS = YES;
				CLANG_WARN_STRICT_PROTOTYPES = YES;
				CLANG_WARN_SUSPICIOUS_MOVE = YES;
				CLANG_WARN_UNGUARDED_AVAILABILITY = YES_AGGRESSIVE;
				CLANG_WARN_UNREACHABLE_CODE = YES;
				CLANG_WARN__DUPLICATE_METHOD_MATCH = YES;
				COPY_PHASE_STRIP = NO;
				DEBUG_INFORMATION_FORMAT = "dwarf-with-dsym";
				ENABLE_NS_ASSERTIONS = NO;
				ENABLE_STRICT_OBJC_MSGSEND = YES;
				GCC_C_LANGUAGE_STANDARD = gnu11;
				GCC_NO_COMMON_BLOCKS = YES;
				GCC_WARN_64_TO_32_BIT_CONVERSION = YES;
				GCC_WARN_ABOUT_RETURN_TYPE = YES_ERROR;
				GCC_WARN_UNDECLARED_SELECTOR = YES;
				GCC_WARN_UNINITIALIZED_AUTOS = YES_AGGRESSIVE;
				GCC_WARN_UNUSED_FUNCTION = YES;
				GCC_WARN_UNUSED_VARIABLE = YES;
				IPHONEOS_DEPLOYMENT_TARGET = 15.4;
				MTL_ENABLE_DEBUG_INFO = NO;
				MTL_FAST_MATH = YES;
				SDKROOT = iphoneos;
				SWIFT_COMPILATION_MODE = wholemodule;
				SWIFT_OPTIMIZATION_LEVEL = "-O";
				VALIDATE_PRODUCT = YES;
			};
			name = Release;
		};
		B590502728A0F8F400F158AB /* Debug */ = {
			isa = XCBuildConfiguration;
			buildSettings = {
				ASSETCATALOG_COMPILER_APPICON_NAME = AppIcon;
				ASSETCATALOG_COMPILER_GLOBAL_ACCENT_COLOR_NAME = AccentColor;
				CODE_SIGN_STYLE = Automatic;
				CURRENT_PROJECT_VERSION = 1;
				DEVELOPMENT_TEAM = V352R4M2J4;
				GENERATE_INFOPLIST_FILE = YES;
				INFOPLIST_FILE = 7SwiftyWordsInCode/Info.plist;
				INFOPLIST_KEY_UIApplicationSupportsIndirectInputEvents = YES;
				INFOPLIST_KEY_UILaunchStoryboardName = LaunchScreen;
				INFOPLIST_KEY_UIMainStoryboardFile = Main;
				INFOPLIST_KEY_UISupportedInterfaceOrientations_iPad = UIInterfaceOrientationPortrait;
				INFOPLIST_KEY_UISupportedInterfaceOrientations_iPhone = "UIInterfaceOrientationPortrait UIInterfaceOrientationLandscapeLeft UIInterfaceOrientationLandscapeRight";
				LD_RUNPATH_SEARCH_PATHS = (
					"$(inherited)",
					"@executable_path/Frameworks",
				);
				MARKETING_VERSION = 1.0;
				PRODUCT_BUNDLE_IDENTIFIER = "pavel.-SwiftyWordsInCode";
				PRODUCT_NAME = "$(TARGET_NAME)";
				SWIFT_EMIT_LOC_STRINGS = YES;
				SWIFT_VERSION = 5.0;
				TARGETED_DEVICE_FAMILY = 2;
			};
			name = Debug;
		};
		B590502828A0F8F400F158AB /* Release */ = {
			isa = XCBuildConfiguration;
			buildSettings = {
				ASSETCATALOG_COMPILER_APPICON_NAME = AppIcon;
				ASSETCATALOG_COMPILER_GLOBAL_ACCENT_COLOR_NAME = AccentColor;
				CODE_SIGN_STYLE = Automatic;
				CURRENT_PROJECT_VERSION = 1;
				DEVELOPMENT_TEAM = V352R4M2J4;
				GENERATE_INFOPLIST_FILE = YES;
				INFOPLIST_FILE = 7SwiftyWordsInCode/Info.plist;
				INFOPLIST_KEY_UIApplicationSupportsIndirectInputEvents = YES;
				INFOPLIST_KEY_UILaunchStoryboardName = LaunchScreen;
				INFOPLIST_KEY_UIMainStoryboardFile = Main;
				INFOPLIST_KEY_UISupportedInterfaceOrientations_iPad = UIInterfaceOrientationPortrait;
				INFOPLIST_KEY_UISupportedInterfaceOrientations_iPhone = "UIInterfaceOrientationPortrait UIInterfaceOrientationLandscapeLeft UIInterfaceOrientationLandscapeRight";
				LD_RUNPATH_SEARCH_PATHS = (
					"$(inherited)",
					"@executable_path/Frameworks",
				);
				MARKETING_VERSION = 1.0;
				PRODUCT_BUNDLE_IDENTIFIER = "pavel.-SwiftyWordsInCode";
				PRODUCT_NAME = "$(TARGET_NAME)";
				SWIFT_EMIT_LOC_STRINGS = YES;
				SWIFT_VERSION = 5.0;
				TARGETED_DEVICE_FAMILY = 2;
			};
			name = Release;
		};
/* End XCBuildConfiguration section */

/* Begin XCConfigurationList section */
		B590500D28A0F8F300F158AB /* Build configuration list for PBXProject "7SwiftyWordsInCode" */ = {
			isa = XCConfigurationList;
			buildConfigurations = (
				B590502428A0F8F400F158AB /* Debug */,
				B590502528A0F8F400F158AB /* Release */,
			);
			defaultConfigurationIsVisible = 0;
			defaultConfigurationName = Release;
		};
		B590502628A0F8F400F158AB /* Build configuration list for PBXNativeTarget "7SwiftyWordsInCode" */ = {
			isa = XCConfigurationList;
			buildConfigurations = (
				B590502728A0F8F400F158AB /* Debug */,
				B590502828A0F8F400F158AB /* Release */,
			);
			defaultConfigurationIsVisible = 0;
			defaultConfigurationName = Release;
		};
/* End XCConfigurationList section */
	};
	rootObject = B590500A28A0F8F300F158AB /* Project object */;
}
